{
  "pins" : [
    {
      "identity" : "swiftserialport",
      "kind" : "remoteSourceControl",
      "location" : "https://github.com/carlynorama/swiftserialport.git",
      "state" : {
        "branch" : "dev",
        "revision" : "f00b29ccca3a0a6b7383bfe7b9779d517a3f4d96"
      }
    }
  ],
  "version" : 2
}
